
Microsoft Visual Studio Solution File, Format Version 12.00
# Visual Studio Version 17
VisualStudioVersion = 17.4.33213.308
MinimumVisualStudioVersion = 10.0.40219.1
Project("{FAE04EC0-301F-11D3-BF4B-00C04F79EFBC}") = "Ders", "Ders\Ders.csproj", "{E0A713C0-9B31-4DBE-A7E0-141191C3309F}"
EndProject
Global
	GlobalSection(SolutionConfigurationPlatforms) = preSolution
		Debug|Any CPU = Debug|Any CPU
		Release|Any CPU = Release|Any CPU
	EndGlobalSection
	GlobalSection(ProjectConfigurationPlatforms) = postSolution
		{E0A713C0-9B31-4DBE-A7E0-141191C3309F}.Debug|Any CPU.ActiveCfg = Debug|Any CPU
		{E0A713C0-9B31-4DBE-A7E0-141191C3309F}.Debug|Any CPU.Build.0 = Debug|Any CPU
		{E0A713C0-9B31-4DBE-A7E0-141191C3309F}.Release|Any CPU.ActiveCfg = Release|Any CPU
		{E0A713C0-9B31-4DBE-A7E0-141191C3309F}.Release|Any CPU.Build.0 = Release|Any CPU
	EndGlobalSection
	GlobalSection(SolutionProperties) = preSolution
		HideSolutionNode = FALSE
	EndGlobalSection
	GlobalSection(ExtensibilityGlobals) = postSolution
		SolutionGuid = {927AC300-A4C3-4BCF-A728-463828AB78EE}
	EndGlobalSection
EndGlobal
